// !$*UTF8*$!
{
	archiveVersion = 1;
	classes = {
	};
	objectVersion = 77;
	objects = {

/* Begin PBXContainerItemProxy section */
		38DA82C92D1802D4009ADE99 /* PBXContainerItemProxy */ = {
			isa = PBXContainerItemProxy;
			containerPortal = 38DA82AA2D1802D2009ADE99 /* Project object */;
			proxyType = 1;
			remoteGlobalIDString = 38DA82B12D1802D2009ADE99;
			remoteInfo = GitHubSearchApp;
		};
		38DA82D32D1802D4009ADE99 /* PBXContainerItemProxy */ = {
			isa = PBXContainerItemProxy;
			containerPortal = 38DA82AA2D1802D2009ADE99 /* Project object */;
			proxyType = 1;
			remoteGlobalIDString = 38DA82B12D1802D2009ADE99;
			remoteInfo = GitHubSearchApp;
		};
/* End PBXContainerItemProxy section */

/* Begin PBXFileReference section */
		38DA82B22D1802D2009ADE99 /* GitHubSearchApp.app */ = {isa = PBXFileReference; explicitFileType = wrapper.application; includeInIndex = 0; path = GitHubSearchApp.app; sourceTree = BUILT_PRODUCTS_DIR; };
		38DA82C82D1802D4009ADE99 /* GitHubSearchAppTests.xctest */ = {isa = PBXFileReference; explicitFileType = wrapper.cfbundle; includeInIndex = 0; path = GitHubSearchAppTests.xctest; sourceTree = BUILT_PRODUCTS_DIR; };
		38DA82D22D1802D4009ADE99 /* GitHubSearchAppUITests.xctest */ = {isa = PBXFileReference; explicitFileType = wrapper.cfbundle; includeInIndex = 0; path = GitHubSearchAppUITests.xctest; sourceTree = BUILT_PRODUCTS_DIR; };
/* End PBXFileReference section */

/* Begin PBXFileSystemSynchronizedBuildFileExceptionSet section */
		38DA82DA2D1802D4009ADE99 /* Exceptions for "GitHubSearchApp" folder in "GitHubSearchApp" target */ = {
			isa = PBXFileSystemSynchronizedBuildFileExceptionSet;
			membershipExceptions = (
				Info.plist,
			);
			target = 38DA82B12D1802D2009ADE99 /* GitHubSearchApp */;
		};
/* End PBXFileSystemSynchronizedBuildFileExceptionSet section */

/* Begin PBXFileSystemSynchronizedRootGroup section */
		38DA82B42D1802D2009ADE99 /* GitHubSearchApp */ = {
			isa = PBXFileSystemSynchronizedRootGroup;
			exceptions = (
				38DA82DA2D1802D4009ADE99 /* Exceptions for "GitHubSearchApp" folder in "GitHubSearchApp" target */,
			);
			path = GitHubSearchApp;
			sourceTree = "<group>";
		};
		38DA82CB2D1802D4009ADE99 /* GitHubSearchAppTests */ = {
			isa = PBXFileSystemSynchronizedRootGroup;
			path = GitHubSearchAppTests;
			sourceTree = "<group>";
		};
		38DA82D52D1802D4009ADE99 /* GitHubSearchAppUITests */ = {
			isa = PBXFileSystemSynchronizedRootGroup;
			path = GitHubSearchAppUITests;
			sourceTree = "<group>";
		};
/* End PBXFileSystemSynchronizedRootGroup section */

/* Begin PBXFrameworksBuildPhase section */
		38DA82AF2D1802D2009ADE99 /* Frameworks */ = {
			isa = PBXFrameworksBuildPhase;
			buildActionMask = 2147483647;
			files = (
			);
			runOnlyForDeploymentPostprocessing = 0;
		};
		38DA82C52D1802D4009ADE99 /* Frameworks */ = {
			isa = PBXFrameworksBuildPhase;
			buildActionMask = 2147483647;
			files = (
			);
			runOnlyForDeploymentPostprocessing = 0;
		};
		38DA82CF2D1802D4009ADE99 /* Frameworks */ = {
			isa = PBXFrameworksBuildPhase;
			buildActionMask = 2147483647;
			files = (
			);
			runOnlyForDeploymentPostprocessing = 0;
		};
/* End PBXFrameworksBuildPhase section */

/* Begin PBXGroup section */
		38DA82A92D1802D2009ADE99 = {
			isa = PBXGroup;
			children = (
				38DA82B42D1802D2009ADE99 /* GitHubSearchApp */,
				38DA82CB2D1802D4009ADE99 /* GitHubSearchAppTests */,
				38DA82D52D1802D4009ADE99 /* GitHubSearchAppUITests */,
				38DA82B32D1802D2009ADE99 /* Products */,
			);
			sourceTree = "<group>";
		};
		38DA82B32D1802D2009ADE99 /* Products */ = {
			isa = PBXGroup;
			children = (
				38DA82B22D1802D2009ADE99 /* GitHubSearchApp.app */,
				38DA82C82D1802D4009ADE99 /* GitHubSearchAppTests.xctest */,
				38DA82D22D1802D4009ADE99 /* GitHubSearchAppUITests.xctest */,
			);
			name = Products;
			sourceTree = "<group>";
		};
/* End PBXGroup section */

/* Begin PBXNativeTarget section */
		38DA82B12D1802D2009ADE99 /* GitHubSearchApp */ = {
			isa = PBXNativeTarget;
			buildConfigurationList = 38DA82DB2D1802D4009ADE99 /* Build configuration list for PBXNativeTarget "GitHubSearchApp" */;
			buildPhases = (
				38DA82AE2D1802D2009ADE99 /* Sources */,
				38DA82AF2D1802D2009ADE99 /* Frameworks */,
				38DA82B02D1802D2009ADE99 /* Resources */,
			);
			buildRules = (
			);
			dependencies = (
			);
			fileSystemSynchronizedGroups = (
				38DA82B42D1802D2009ADE99 /* GitHubSearchApp */,
			);
			name = GitHubSearchApp;
			packageProductDependencies = (
			);
			productName = GitHubSearchApp;
			productReference = 38DA82B22D1802D2009ADE99 /* GitHubSearchApp.app */;
			productType = "com.apple.product-type.application";
		};
		38DA82C72D1802D4009ADE99 /* GitHubSearchAppTests */ = {
			isa = PBXNativeTarget;
			buildConfigurationList = 38DA82E02D1802D4009ADE99 /* Build configuration list for PBXNativeTarget "GitHubSearchAppTests" */;
			buildPhases = (
				38DA82C42D1802D4009ADE99 /* Sources */,
				38DA82C52D1802D4009ADE99 /* Frameworks */,
				38DA82C62D1802D4009ADE99 /* Resources */,
			);
			buildRules = (
			);
			dependencies = (
				38DA82CA2D1802D4009ADE99 /* PBXTargetDependency */,
			);
			fileSystemSynchronizedGroups = (
				38DA82CB2D1802D4009ADE99 /* GitHubSearchAppTests */,
			);
			name = GitHubSearchAppTests;
			packageProductDependencies = (
			);
			productName = GitHubSearchAppTests;
			productReference = 38DA82C82D1802D4009ADE99 /* GitHubSearchAppTests.xctest */;
			productType = "com.apple.product-type.bundle.unit-test";
		};
		38DA82D12D1802D4009ADE99 /* GitHubSearchAppUITests */ = {
			isa = PBXNativeTarget;
			buildConfigurationList = 38DA82E32D1802D4009ADE99 /* Build configuration list for PBXNativeTarget "GitHubSearchAppUITests" */;
			buildPhases = (
				38DA82CE2D1802D4009ADE99 /* Sources */,
				38DA82CF2D1802D4009ADE99 /* Frameworks */,
				38DA82D02D1802D4009ADE99 /* Resources */,
			);
			buildRules = (
			);
			dependencies = (
				38DA82D42D1802D4009ADE99 /* PBXTargetDependency */,
			);
			fileSystemSynchronizedGroups = (
				38DA82D52D1802D4009ADE99 /* GitHubSearchAppUITests */,
			);
			name = GitHubSearchAppUITests;
			packageProductDependencies = (
			);
			productName = GitHubSearchAppUITests;
			productReference = 38DA82D22D1802D4009ADE99 /* GitHubSearchAppUITests.xctest */;
			productType = "com.apple.product-type.bundle.ui-testing";
		};
/* End PBXNativeTarget section */

/* Begin PBXProject section */
		38DA82AA2D1802D2009ADE99 /* Project object */ = {
			isa = PBXProject;
			attributes = {
				BuildIndependentTargetsInParallel = 1;
				LastSwiftUpdateCheck = 1600;
				LastUpgradeCheck = 1600;
				TargetAttributes = {
					38DA82B12D1802D2009ADE99 = {
						CreatedOnToolsVersion = 16.0;
					};
					38DA82C72D1802D4009ADE99 = {
						CreatedOnToolsVersion = 16.0;
						TestTargetID = 38DA82B12D1802D2009ADE99;
					};
					38DA82D12D1802D4009ADE99 = {
						CreatedOnToolsVersion = 16.0;
						TestTargetID = 38DA82B12D1802D2009ADE99;
					};
				};
			};
			buildConfigurationList = 38DA82AD2D1802D2009ADE99 /* Build configuration list for PBXProject "GitHubSearchApp" */;
			developmentRegion = en;
			hasScannedForEncodings = 0;
			knownRegions = (
				en,
				Base,
			);
			mainGroup = 38DA82A92D1802D2009ADE99;
			minimizedProjectReferenceProxies = 1;
			preferredProjectObjectVersion = 77;
			productRefGroup = 38DA82B32D1802D2009ADE99 /* Products */;
			projectDirPath = "";
			projectRoot = "";
			targets = (
				38DA82B12D1802D2009ADE99 /* GitHubSearchApp */,
				38DA82C72D1802D4009ADE99 /* GitHubSearchAppTests */,
				38DA82D12D1802D4009ADE99 /* GitHubSearchAppUITests */,
			);
		};
/* End PBXProject section */

/* Begin PBXResourcesBuildPhase section */
		38DA82B02D1802D2009ADE99 /* Resources */ = {
			isa = PBXResourcesBuildPhase;
			buildActionMask = 2147483647;
			files = (
			);
			runOnlyForDeploymentPostprocessing = 0;
		};
		38DA82C62D1802D4009ADE99 /* Resources */ = {
			isa = PBXResourcesBuildPhase;
			buildActionMask = 2147483647;
			files = (
			);
			runOnlyForDeploymentPostprocessing = 0;
		};
		38DA82D02D1802D4009ADE99 /* Resources */ = {
			isa = PBXResourcesBuildPhase;
			buildActionMask = 2147483647;
			files = (
			);
			runOnlyForDeploymentPostprocessing = 0;
		};
/* End PBXResourcesBuildPhase section */

/* Begin PBXSourcesBuildPhase section */
		38DA82AE2D1802D2009ADE99 /* Sources */ = {
			isa = PBXSourcesBuildPhase;
			buildActionMask = 2147483647;
			files = (
			);
			runOnlyForDeploymentPostprocessing = 0;
		};
		38DA82C42D1802D4009ADE99 /* Sources */ = {
			isa = PBXSourcesBuildPhase;
			buildActionMask = 2147483647;
			files = (
			);
			runOnlyForDeploymentPostprocessing = 0;
		};
		38DA82CE2D1802D4009ADE99 /* Sources */ = {
			isa = PBXSourcesBuildPhase;
			buildActionMask = 2147483647;
			files = (
			);
			runOnlyForDeploymentPostprocessing = 0;
		};
/* End PBXSourcesBuildPhase section */

/* Begin PBXTargetDependency section */
		38DA82CA2D1802D4009ADE99 /* PBXTargetDependency */ = {
			isa = PBXTargetDependency;
			target = 38DA82B12D1802D2009ADE99 /* GitHubSearchApp */;
			targetProxy = 38DA82C92D1802D4009ADE99 /* PBXContainerItemProxy */;
		};
		38DA82D42D1802D4009ADE99 /* PBXTargetDependency */ = {
			isa = PBXTargetDependency;
			target = 38DA82B12D1802D2009ADE99 /* GitHubSearchApp */;
			targetProxy = 38DA82D32D1802D4009ADE99 /* PBXContainerItemProxy */;
		};
/* End PBXTargetDependency section */

/* Begin XCBuildConfiguration section */
		38DA82DC2D1802D4009ADE99 /* Debug */ = {
			isa = XCBuildConfiguration;
			buildSettings = {
				ASSETCATALOG_COMPILER_APPICON_NAME = AppIcon;
				ASSETCATALOG_COMPILER_GLOBAL_ACCENT_COLOR_NAME = AccentColor;
				CODE_SIGN_STYLE = Automatic;
				CURRENT_PROJECT_VERSION = 1;
				GENERATE_INFOPLIST_FILE = YES;
				INFOPLIST_FILE = GitHubSearchApp/Info.plist;
				INFOPLIST_KEY_UIApplicationSupportsIndirectInputEvents = YES;
				INFOPLIST_KEY_UILaunchStoryboardName = LaunchScreen;
				INFOPLIST_KEY_UISupportedInterfaceOrientations_iPad = "UIInterfaceOrientationPortrait UIInterfaceOrientationPortraitUpsideDown UIInterfaceOrientationLandscapeLeft UIInterfaceOrientationLandscapeRight";
				INFOPLIST_KEY_UISupportedInterfaceOrientations_iPhone = "UIInterfaceOrientationPortrait UIInterfaceOrientationLandscapeLeft UIInterfaceOrientationLandscapeRight";
				LD_RUNPATH_SEARCH_PATHS = (
					"$(inherited)",
					"@executable_path/Frameworks",
				);
				MARKETING_VERSION = 1.0;
				PRODUCT_BUNDLE_IDENTIFIER = com.cory.GitHubSearchApp;
				PRODUCT_NAME = "$(TARGET_NAME)";
				SWIFT_EMIT_LOC_STRINGS = YES;
				SWIFT_VERSION = 5.0;
				TARGETED_DEVICE_FAMILY = "1,2";
			};
			name = Debug;
		};
		38DA82DD2D1802D4009ADE99 /* Release */ = {
			isa = XCBuildConfiguration;
			buildSettings = {
				ASSETCATALOG_COMPILER_APPICON_NAME = AppIcon;
				ASSETCATALOG_COMPILER_GLOBAL_ACCENT_COLOR_NAME = AccentColor;
				CODE_SIGN_STYLE = Automatic;
				CURRENT_PROJECT_VERSION = 1;
				GENERATE_INFOPLIST_FILE = YES;
				INFOPLIST_FILE = GitHubSearchApp/Info.plist;
				INFOPLIST_KEY_UIApplicationSupportsIndirectInputEvents = YES;
				INFOPLIST_KEY_UILaunchStoryboardName = LaunchScreen;
				INFOPLIST_KEY_UISupportedInterfaceOrientations_iPad = "UIInterfaceOrientationPortrait UIInterfaceOrientationPortraitUpsideDown UIInterfaceOrientationLandscapeLeft UIInterfaceOrientationLandscapeRight";
				INFOPLIST_KEY_UISupportedInterfaceOrientations_iPhone = "UIInterfaceOrientationPortrait UIInterfaceOrientationLandscapeLeft UIInterfaceOrientationLandscapeRight";
				LD_RUNPATH_SEARCH_PATHS = (
					"$(inherited)",
					"@executable_path/Frameworks",
				);
				MARKETING_VERSION = 1.0;
				PRODUCT_BUNDLE_IDENTIFIER = com.cory.GitHubSearchApp;
				PRODUCT_NAME = "$(TARGET_NAME)";
				SWIFT_EMIT_LOC_STRINGS = YES;
				SWIFT_VERSION = 5.0;
				TARGETED_DEVICE_FAMILY = "1,2";
			};
			name = Release;
		};
		38DA82DE2D1802D4009ADE99 /* Debug */ = {
			isa = XCBuildConfiguration;
			buildSettings = {
				ALWAYS_SEARCH_USER_PATHS = NO;
				ASSETCATALOG_COMPILER_GENERATE_SWIFT_ASSET_SYMBOL_EXTENSIONS = YES;
				CLANG_ANALYZER_NONNULL = YES;
				CLANG_ANALYZER_NUMBER_OBJECT_CONVERSION = YES_AGGRESSIVE;
				CLANG_CXX_LANGUAGE_STANDARD = "gnu++20";
				CLANG_ENABLE_MODULES = YES;
				CLANG_ENABLE_OBJC_ARC = YES;
				CLANG_ENABLE_OBJC_WEAK = YES;
				CLANG_WARN_BLOCK_CAPTURE_AUTORELEASING = YES;
				CLANG_WARN_BOOL_CONVERSION = YES;
				CLANG_WARN_COMMA = YES;
				CLANG_WARN_CONSTANT_CONVERSION = YES;
				CLANG_WARN_DEPRECATED_OBJC_IMPLEMENTATIONS = YES;
				CLANG_WARN_DIRECT_OBJC_ISA_USAGE = YES_ERROR;
				CLANG_WARN_DOCUMENTATION_COMMENTS = YES;
				CLANG_WARN_EMPTY_BODY = YES;
				CLANG_WARN_ENUM_CONVERSION = YES;
				CLANG_WARN_INFINITE_RECURSION = YES;
				CLANG_WARN_INT_CONVERSION = YES;
				CLANG_WARN_NON_LITERAL_NULL_CONVERSION = YES;
				CLANG_WARN_OBJC_IMPLICIT_RETAIN_SELF = YES;
				CLANG_WARN_OBJC_LITERAL_CONVERSION = YES;
				CLANG_WARN_OBJC_ROOT_CLASS = YES_ERROR;
				CLANG_WARN_QUOTED_INCLUDE_IN_FRAMEWORK_HEADER = YES;
				CLANG_WARN_RANGE_LOOP_ANALYSIS = YES;
				CLANG_WARN_STRICT_PROTOTYPES = YES;
				CLANG_WARN_SUSPICIOUS_MOVE = YES;
				CLANG_WARN_UNGUARDED_AVAILABILITY = YES_AGGRESSIVE;
				CLANG_WARN_UNREACHABLE_CODE = YES;
				CLANG_WARN__DUPLICATE_METHOD_MATCH = YES;
				COPY_PHASE_STRIP = NO;
				DEBUG_INFORMATION_FORMAT = dwarf;
				ENABLE_STRICT_OBJC_MSGSEND = YES;
				ENABLE_TESTABILITY = YES;
				ENABLE_USER_SCRIPT_SANDBOXING = YES;
				GCC_C_LANGUAGE_STANDARD = gnu17;
				GCC_DYNAMIC_NO_PIC = NO;
				GCC_NO_COMMON_BLOCKS = YES;
				GCC_OPTIMIZATION_LEVEL = 0;
				GCC_PREPROCESSOR_DEFINITIONS = (
					"DEBUG=1",
					"$(inherited)",
				);
				GCC_WARN_64_TO_32_BIT_CONVERSION = YES;
				GCC_WARN_ABOUT_RETURN_TYPE = YES_ERROR;
				GCC_WARN_UNDECLARED_SELECTOR = YES;
				GCC_WARN_UNINITIALIZED_AUTOS = YES_AGGRESSIVE;
				GCC_WARN_UNUSED_FUNCTION = YES;
				GCC_WARN_UNUSED_VARIABLE = YES;
				IPHONEOS_DEPLOYMENT_TARGET = 18.0;
				LOCALIZATION_PREFERS_STRING_CATALOGS = YES;
				MTL_ENABLE_DEBUG_INFO = INCLUDE_SOURCE;
				MTL_FAST_MATH = YES;
				ONLY_ACTIVE_ARCH = YES;
				SDKROOT = iphoneos;
				SWIFT_ACTIVE_COMPILATION_CONDITIONS = "DEBUG $(inherited)";
				SWIFT_OPTIMIZATION_LEVEL = "-Onone";
			};
			name = Debug;
		};
		38DA82DF2D1802D4009ADE99 /* Release */ = {
			isa = XCBuildConfiguration;
			buildSettings = {
				ALWAYS_SEARCH_USER_PATHS = NO;
				ASSETCATALOG_COMPILER_GENERATE_SWIFT_ASSET_SYMBOL_EXTENSIONS = YES;
				CLANG_ANALYZER_NONNULL = YES;
				CLANG_ANALYZER_NUMBER_OBJECT_CONVERSION = YES_AGGRESSIVE;
				CLANG_CXX_LANGUAGE_STANDARD = "gnu++20";
				CLANG_ENABLE_MODULES = YES;
				CLANG_ENABLE_OBJC_ARC = YES;
				CLANG_ENABLE_OBJC_WEAK = YES;
				CLANG_WARN_BLOCK_CAPTURE_AUTORELEASING = YES;
				CLANG_WARN_BOOL_CONVERSION = YES;
				CLANG_WARN_COMMA = YES;
				CLANG_WARN_CONSTANT_CONVERSION = YES;
				CLANG_WARN_DEPRECATED_OBJC_IMPLEMENTATIONS = YES;
				CLANG_WARN_DIRECT_OBJC_ISA_USAGE = YES_ERROR;
				CLANG_WARN_DOCUMENTATION_COMMENTS = YES;
				CLANG_WARN_EMPTY_BODY = YES;
				CLANG_WARN_ENUM_CONVERSION = YES;
				CLANG_WARN_INFINITE_RECURSION = YES;
				CLANG_WARN_INT_CONVERSION = YES;
				CLANG_WARN_NON_LITERAL_NULL_CONVERSION = YES;
				CLANG_WARN_OBJC_IMPLICIT_RETAIN_SELF = YES;
				CLANG_WARN_OBJC_LITERAL_CONVERSION = YES;
				CLANG_WARN_OBJC_ROOT_CLASS = YES_ERROR;
				CLANG_WARN_QUOTED_INCLUDE_IN_FRAMEWORK_HEADER = YES;
				CLANG_WARN_RANGE_LOOP_ANALYSIS = YES;
				CLANG_WARN_STRICT_PROTOTYPES = YES;
				CLANG_WARN_SUSPICIOUS_MOVE = YES;
				CLANG_WARN_UNGUARDED_AVAILABILITY = YES_AGGRESSIVE;
				CLANG_WARN_UNREACHABLE_CODE = YES;
				CLANG_WARN__DUPLICATE_METHOD_MATCH = YES;
				COPY_PHASE_STRIP = NO;
				DEBUG_INFORMATION_FORMAT = "dwarf-with-dsym";
				ENABLE_NS_ASSERTIONS = NO;
				ENABLE_STRICT_OBJC_MSGSEND = YES;
				ENABLE_USER_SCRIPT_SANDBOXING = YES;
				GCC_C_LANGUAGE_STANDARD = gnu17;
				GCC_NO_COMMON_BLOCKS = YES;
				GCC_WARN_64_TO_32_BIT_CONVERSION = YES;
				GCC_WARN_ABOUT_RETURN_TYPE = YES_ERROR;
				GCC_WARN_UNDECLARED_SELECTOR = YES;
				GCC_WARN_UNINITIALIZED_AUTOS = YES_AGGRESSIVE;
				GCC_WARN_UNUSED_FUNCTION = YES;
				GCC_WARN_UNUSED_VARIABLE = YES;
				IPHONEOS_DEPLOYMENT_TARGET = 18.0;
				LOCALIZATION_PREFERS_STRING_CATALOGS = YES;
				MTL_ENABLE_DEBUG_INFO = NO;
				MTL_FAST_MATH = YES;
				SDKROOT = iphoneos;
				SWIFT_COMPILATION_MODE = wholemodule;
				VALIDATE_PRODUCT = YES;
			};
			name = Release;
		};
		38DA82E12D1802D4009ADE99 /* Debug */ = {
			isa = XCBuildConfiguration;
			buildSettings = {
				BUNDLE_LOADER = "$(TEST_HOST)";
				CODE_SIGN_STYLE = Automatic;
				CURRENT_PROJECT_VERSION = 1;
				GENERATE_INFOPLIST_FILE = YES;
				IPHONEOS_DEPLOYMENT_TARGET = 18.0;
				MARKETING_VERSION = 1.0;
				PRODUCT_BUNDLE_IDENTIFIER = com.cory.GitHubSearchAppTests;
				PRODUCT_NAME = "$(TARGET_NAME)";
				SWIFT_EMIT_LOC_STRINGS = NO;
				SWIFT_VERSION = 5.0;
				TARGETED_DEVICE_FAMILY = "1,2";
				TEST_HOST = "$(BUILT_PRODUCTS_DIR)/GitHubSearchApp.app/$(BUNDLE_EXECUTABLE_FOLDER_PATH)/GitHubSearchApp";
			};
			name = Debug;
		};
		38DA82E22D1802D4009ADE99 /* Release */ = {
			isa = XCBuildConfiguration;
			buildSettings = {
				BUNDLE_LOADER = "$(TEST_HOST)";
				CODE_SIGN_STYLE = Automatic;
				CURRENT_PROJECT_VERSION = 1;
				GENERATE_INFOPLIST_FILE = YES;
				IPHONEOS_DEPLOYMENT_TARGET = 18.0;
				MARKETING_VERSION = 1.0;
				PRODUCT_BUNDLE_IDENTIFIER = com.cory.GitHubSearchAppTests;
				PRODUCT_NAME = "$(TARGET_NAME)";
				SWIFT_EMIT_LOC_STRINGS = NO;
				SWIFT_VERSION = 5.0;
				TARGETED_DEVICE_FAMILY = "1,2";
				TEST_HOST = "$(BUILT_PRODUCTS_DIR)/GitHubSearchApp.app/$(BUNDLE_EXECUTABLE_FOLDER_PATH)/GitHubSearchApp";
			};
			name = Release;
		};
		38DA82E42D1802D4009ADE99 /* Debug */ = {
			isa = XCBuildConfiguration;
			buildSettings = {
				CODE_SIGN_STYLE = Automatic;
				CURRENT_PROJECT_VERSION = 1;
				GENERATE_INFOPLIST_FILE = YES;
				MARKETING_VERSION = 1.0;
				PRODUCT_BUNDLE_IDENTIFIER = com.cory.GitHubSearchAppUITests;
				PRODUCT_NAME = "$(TARGET_NAME)";
				SWIFT_EMIT_LOC_STRINGS = NO;
				SWIFT_VERSION = 5.0;
				TARGETED_DEVICE_FAMILY = "1,2";
				TEST_TARGET_NAME = GitHubSearchApp;
			};
			name = Debug;
		};
		38DA82E52D1802D4009ADE99 /* Release */ = {
			isa = XCBuildConfiguration;
			buildSettings = {
				CODE_SIGN_STYLE = Automatic;
				CURRENT_PROJECT_VERSION = 1;
				GENERATE_INFOPLIST_FILE = YES;
				MARKETING_VERSION = 1.0;
				PRODUCT_BUNDLE_IDENTIFIER = com.cory.GitHubSearchAppUITests;
				PRODUCT_NAME = "$(TARGET_NAME)";
				SWIFT_EMIT_LOC_STRINGS = NO;
				SWIFT_VERSION = 5.0;
				TARGETED_DEVICE_FAMILY = "1,2";
				TEST_TARGET_NAME = GitHubSearchApp;
			};
			name = Release;
		};
/* End XCBuildConfiguration section */

/* Begin XCConfigurationList section */
		38DA82AD2D1802D2009ADE99 /* Build configuration list for PBXProject "GitHubSearchApp" */ = {
			isa = XCConfigurationList;
			buildConfigurations = (
				38DA82DE2D1802D4009ADE99 /* Debug */,
				38DA82DF2D1802D4009ADE99 /* Release */,
			);
			defaultConfigurationIsVisible = 0;
			defaultConfigurationName = Release;
		};
		38DA82DB2D1802D4009ADE99 /* Build configuration list for PBXNativeTarget "GitHubSearchApp" */ = {
			isa = XCConfigurationList;
			buildConfigurations = (
				38DA82DC2D1802D4009ADE99 /* Debug */,
				38DA82DD2D1802D4009ADE99 /* Release */,
			);
			defaultConfigurationIsVisible = 0;
			defaultConfigurationName = Release;
		};
		38DA82E02D1802D4009ADE99 /* Build configuration list for PBXNativeTarget "GitHubSearchAppTests" */ = {
			isa = XCConfigurationList;
			buildConfigurations = (
				38DA82E12D1802D4009ADE99 /* Debug */,
				38DA82E22D1802D4009ADE99 /* Release */,
			);
			defaultConfigurationIsVisible = 0;
			defaultConfigurationName = Release;
		};
		38DA82E32D1802D4009ADE99 /* Build configuration list for PBXNativeTarget "GitHubSearchAppUITests" */ = {
			isa = XCConfigurationList;
			buildConfigurations = (
				38DA82E42D1802D4009ADE99 /* Debug */,
				38DA82E52D1802D4009ADE99 /* Release */,
			);
			defaultConfigurationIsVisible = 0;
			defaultConfigurationName = Release;
		};
/* End XCConfigurationList section */
	};
	rootObject = 38DA82AA2D1802D2009ADE99 /* Project object */;
}
